
Microsoft Visual Studio Solution File, Format Version 12.00
# Visual Studio Version 16
VisualStudioVersion = 16.0.31729.503
MinimumVisualStudioVersion = 10.0.40219.1
Project("{8BC9CEB8-8B4A-11D0-8D11-00A0C91BC942}") = "PACMAN", "PACMAN.vcxproj", "{4198A606-87BF-4319-9011-F1E470E68646}"
EndProject
Global
	GlobalSection(SolutionConfigurationPlatforms) = preSolution
		Debug|x64 = Debug|x64
		Debug|x86 = Debug|x86
		Release|x64 = Release|x64
		Release|x86 = Release|x86
	EndGlobalSection
	GlobalSection(ProjectConfigurationPlatforms) = postSolution
		{4198A606-87BF-4319-9011-F1E470E68646}.Debug|x64.ActiveCfg = Debug|x64
		{4198A606-87BF-4319-9011-F1E470E68646}.Debug|x64.Build.0 = Debug|x64
		{4198A606-87BF-4319-9011-F1E470E68646}.Debug|x86.ActiveCfg = Debug|Win32
		{4198A606-87BF-4319-9011-F1E470E68646}.Debug|x86.Build.0 = Debug|Win32
		{4198A606-87BF-4319-9011-F1E470E68646}.Release|x64.ActiveCfg = Release|x64
		{4198A606-87BF-4319-9011-F1E470E68646}.Release|x64.Build.0 = Release|x64
		{4198A606-87BF-4319-9011-F1E470E68646}.Release|x86.ActiveCfg = Release|Win32
		{4198A606-87BF-4319-9011-F1E470E68646}.Release|x86.Build.0 = Release|Win32
	EndGlobalSection
	GlobalSection(SolutionProperties) = preSolution
		HideSolutionNode = FALSE
	EndGlobalSection
	GlobalSection(ExtensibilityGlobals) = postSolution
		SolutionGuid = {06D44FE9-EB22-4079-8D19-E0FE1B08BACD}
	EndGlobalSection
EndGlobal
